
Microsoft Visual Studio Solution File, Format Version 12.00
# Visual Studio Version 17
VisualStudioVersion = 17.7.34009.444
MinimumVisualStudioVersion = 10.0.40219.1
Project("{8BC9CEB8-8B4A-11D0-8D11-00A0C91BC942}") = "Server", "Server\Server.vcxproj", "{905D011E-A1EB-49DA-A9A6-FAFA168F0025}"
EndProject
Project("{8BC9CEB8-8B4A-11D0-8D11-00A0C91BC942}") = "Project_Server", "Project_Server\Project_Server.vcxproj", "{A7B6A1ED-4981-4998-AFE5-F0E13EBED8DF}"
EndProject
Project("{8BC9CEB8-8B4A-11D0-8D11-00A0C91BC942}") = "Project_Client", "Project_Client\Project_Client.vcxproj", "{5C885EEB-1D5B-4DE4-A7CF-2010328C9B9C}"
EndProject
Project("{8BC9CEB8-8B4A-11D0-8D11-00A0C91BC942}") = "CLIENTCONTAINER", "CLIENTCONTAINER\CLIENTCONTAINER.vcxproj", "{D9302051-3754-4550-8F7E-4827DB88E220}"
EndProject
Project("{8BC9CEB8-8B4A-11D0-8D11-00A0C91BC942}") = "ALLTESTS_PROJECT4GROUP10SEC3_JULIANCUMMING", "ALLTESTS_PROJECT4GROUP10SEC3_JULIANCUMMING\ALLTESTS_PROJECT4GROUP10SEC3_JULIANCUMMING.vcxproj", "{0E1F8F04-783B-4F82-B573-DB2E3BBBFA34}"
EndProject
Project("{8BC9CEB8-8B4A-11D0-8D11-00A0C91BC942}") = "SERVERCONTAINER", "SERVERCONTAINER\SERVERCONTAINER.vcxproj", "{0DCD307C-3193-4BAC-B758-B67C168B205A}"
EndProject
Project("{8BC9CEB8-8B4A-11D0-8D11-00A0C91BC942}") = "SadiyaTestProj", "SadiyaTestProj\SadiyaTestProj.vcxproj", "{32CF1E1F-A65D-4B27-B93F-A44AC9FEBECF}"
EndProject
Project("{8BC9CEB8-8B4A-11D0-8D11-00A0C91BC942}") = "AidanNickersonTestProj", "AidanNickersonTestProj\AidanNickersonTestProj.vcxproj", "{A23483C9-A064-41C8-9A2E-8824BDE5728A}"
EndProject
Project("{8BC9CEB8-8B4A-11D0-8D11-00A0C91BC942}") = "AidanCheesmondTestProj", "AidanCheesmondTestProj\AidanCheesmondTestProj.vcxproj", "{D169D395-B77C-4C81-899C-C292868350FE}"
EndProject
Project("{8BC9CEB8-8B4A-11D0-8D11-00A0C91BC942}") = "JulianTestProj", "JulianTestProj\JulianTestProj.vcxproj", "{536FE4A9-DD6F-44C4-AFEE-8ED764836196}"
EndProject
Global
	GlobalSection(SolutionConfigurationPlatforms) = preSolution
		Debug|Win32 = Debug|Win32
		Debug|x64 = Debug|x64
		Debug|x86 = Debug|x86
		Release|Win32 = Release|Win32
		Release|x64 = Release|x64
		Release|x86 = Release|x86
	EndGlobalSection
	GlobalSection(ProjectConfigurationPlatforms) = postSolution
		{905D011E-A1EB-49DA-A9A6-FAFA168F0025}.Debug|Win32.ActiveCfg = Debug|Win32
		{905D011E-A1EB-49DA-A9A6-FAFA168F0025}.Debug|Win32.Build.0 = Debug|Win32
		{905D011E-A1EB-49DA-A9A6-FAFA168F0025}.Debug|x64.ActiveCfg = Debug|x64
		{905D011E-A1EB-49DA-A9A6-FAFA168F0025}.Debug|x64.Build.0 = Debug|x64
		{905D011E-A1EB-49DA-A9A6-FAFA168F0025}.Debug|x86.ActiveCfg = Debug|x64
		{905D011E-A1EB-49DA-A9A6-FAFA168F0025}.Debug|x86.Build.0 = Debug|x64
		{905D011E-A1EB-49DA-A9A6-FAFA168F0025}.Release|Win32.ActiveCfg = Release|Win32
		{905D011E-A1EB-49DA-A9A6-FAFA168F0025}.Release|Win32.Build.0 = Release|Win32
		{905D011E-A1EB-49DA-A9A6-FAFA168F0025}.Release|x64.ActiveCfg = Release|x64
		{905D011E-A1EB-49DA-A9A6-FAFA168F0025}.Release|x64.Build.0 = Release|x64
		{905D011E-A1EB-49DA-A9A6-FAFA168F0025}.Release|x86.ActiveCfg = Release|x64
		{905D011E-A1EB-49DA-A9A6-FAFA168F0025}.Release|x86.Build.0 = Release|x64
		{A7B6A1ED-4981-4998-AFE5-F0E13EBED8DF}.Debug|Win32.ActiveCfg = Debug|Win32
		{A7B6A1ED-4981-4998-AFE5-F0E13EBED8DF}.Debug|Win32.Build.0 = Debug|Win32
		{A7B6A1ED-4981-4998-AFE5-F0E13EBED8DF}.Debug|x64.ActiveCfg = Debug|x64
		{A7B6A1ED-4981-4998-AFE5-F0E13EBED8DF}.Debug|x64.Build.0 = Debug|x64
		{A7B6A1ED-4981-4998-AFE5-F0E13EBED8DF}.Debug|x86.ActiveCfg = Debug|x64
		{A7B6A1ED-4981-4998-AFE5-F0E13EBED8DF}.Debug|x86.Build.0 = Debug|x64
		{A7B6A1ED-4981-4998-AFE5-F0E13EBED8DF}.Release|Win32.ActiveCfg = Release|Win32
		{A7B6A1ED-4981-4998-AFE5-F0E13EBED8DF}.Release|Win32.Build.0 = Release|Win32
		{A7B6A1ED-4981-4998-AFE5-F0E13EBED8DF}.Release|x64.ActiveCfg = Release|x64
		{A7B6A1ED-4981-4998-AFE5-F0E13EBED8DF}.Release|x64.Build.0 = Release|x64
		{A7B6A1ED-4981-4998-AFE5-F0E13EBED8DF}.Release|x86.ActiveCfg = Release|x64
		{A7B6A1ED-4981-4998-AFE5-F0E13EBED8DF}.Release|x86.Build.0 = Release|x64
		{5C885EEB-1D5B-4DE4-A7CF-2010328C9B9C}.Debug|Win32.ActiveCfg = Debug|Win32
		{5C885EEB-1D5B-4DE4-A7CF-2010328C9B9C}.Debug|Win32.Build.0 = Debug|Win32
		{5C885EEB-1D5B-4DE4-A7CF-2010328C9B9C}.Debug|x64.ActiveCfg = Debug|x64
		{5C885EEB-1D5B-4DE4-A7CF-2010328C9B9C}.Debug|x64.Build.0 = Debug|x64
		{5C885EEB-1D5B-4DE4-A7CF-2010328C9B9C}.Debug|x86.ActiveCfg = Debug|x64
		{5C885EEB-1D5B-4DE4-A7CF-2010328C9B9C}.Debug|x86.Build.0 = Debug|x64
		{5C885EEB-1D5B-4DE4-A7CF-2010328C9B9C}.Release|Win32.ActiveCfg = Release|Win32
		{5C885EEB-1D5B-4DE4-A7CF-2010328C9B9C}.Release|Win32.Build.0 = Release|Win32
		{5C885EEB-1D5B-4DE4-A7CF-2010328C9B9C}.Release|x64.ActiveCfg = Release|x64
		{5C885EEB-1D5B-4DE4-A7CF-2010328C9B9C}.Release|x64.Build.0 = Release|x64
		{5C885EEB-1D5B-4DE4-A7CF-2010328C9B9C}.Release|x86.ActiveCfg = Release|x64
		{5C885EEB-1D5B-4DE4-A7CF-2010328C9B9C}.Release|x86.Build.0 = Release|x64
		{D9302051-3754-4550-8F7E-4827DB88E220}.Debug|Win32.ActiveCfg = Debug|Win32
		{D9302051-3754-4550-8F7E-4827DB88E220}.Debug|Win32.Build.0 = Debug|Win32
		{D9302051-3754-4550-8F7E-4827DB88E220}.Debug|x64.ActiveCfg = Debug|x64
		{D9302051-3754-4550-8F7E-4827DB88E220}.Debug|x64.Build.0 = Debug|x64
		{D9302051-3754-4550-8F7E-4827DB88E220}.Debug|x86.ActiveCfg = Debug|Win32
		{D9302051-3754-4550-8F7E-4827DB88E220}.Debug|x86.Build.0 = Debug|Win32
		{D9302051-3754-4550-8F7E-4827DB88E220}.Release|Win32.ActiveCfg = Release|Win32
		{D9302051-3754-4550-8F7E-4827DB88E220}.Release|Win32.Build.0 = Release|Win32
		{D9302051-3754-4550-8F7E-4827DB88E220}.Release|x64.ActiveCfg = Release|x64
		{D9302051-3754-4550-8F7E-4827DB88E220}.Release|x64.Build.0 = Release|x64
		{D9302051-3754-4550-8F7E-4827DB88E220}.Release|x86.ActiveCfg = Release|Win32
		{D9302051-3754-4550-8F7E-4827DB88E220}.Release|x86.Build.0 = Release|Win32
		{0E1F8F04-783B-4F82-B573-DB2E3BBBFA34}.Debug|Win32.ActiveCfg = Debug|Win32
		{0E1F8F04-783B-4F82-B573-DB2E3BBBFA34}.Debug|Win32.Build.0 = Debug|Win32
		{0E1F8F04-783B-4F82-B573-DB2E3BBBFA34}.Debug|x64.ActiveCfg = Debug|x64
		{0E1F8F04-783B-4F82-B573-DB2E3BBBFA34}.Debug|x64.Build.0 = Debug|x64
		{0E1F8F04-783B-4F82-B573-DB2E3BBBFA34}.Debug|x86.ActiveCfg = Debug|Win32
		{0E1F8F04-783B-4F82-B573-DB2E3BBBFA34}.Debug|x86.Build.0 = Debug|Win32
		{0E1F8F04-783B-4F82-B573-DB2E3BBBFA34}.Release|Win32.ActiveCfg = Release|Win32
		{0E1F8F04-783B-4F82-B573-DB2E3BBBFA34}.Release|Win32.Build.0 = Release|Win32
		{0E1F8F04-783B-4F82-B573-DB2E3BBBFA34}.Release|x64.ActiveCfg = Release|x64
		{0E1F8F04-783B-4F82-B573-DB2E3BBBFA34}.Release|x64.Build.0 = Release|x64
		{0E1F8F04-783B-4F82-B573-DB2E3BBBFA34}.Release|x86.ActiveCfg = Release|Win32
		{0E1F8F04-783B-4F82-B573-DB2E3BBBFA34}.Release|x86.Build.0 = Release|Win32
		{0DCD307C-3193-4BAC-B758-B67C168B205A}.Debug|Win32.ActiveCfg = Debug|Win32
		{0DCD307C-3193-4BAC-B758-B67C168B205A}.Debug|Win32.Build.0 = Debug|Win32
		{0DCD307C-3193-4BAC-B758-B67C168B205A}.Debug|x64.ActiveCfg = Debug|x64
		{0DCD307C-3193-4BAC-B758-B67C168B205A}.Debug|x64.Build.0 = Debug|x64
		{0DCD307C-3193-4BAC-B758-B67C168B205A}.Debug|x86.ActiveCfg = Debug|Win32
		{0DCD307C-3193-4BAC-B758-B67C168B205A}.Debug|x86.Build.0 = Debug|Win32
		{0DCD307C-3193-4BAC-B758-B67C168B205A}.Release|Win32.ActiveCfg = Release|Win32
		{0DCD307C-3193-4BAC-B758-B67C168B205A}.Release|Win32.Build.0 = Release|Win32
		{0DCD307C-3193-4BAC-B758-B67C168B205A}.Release|x64.ActiveCfg = Release|x64
		{0DCD307C-3193-4BAC-B758-B67C168B205A}.Release|x64.Build.0 = Release|x64
		{0DCD307C-3193-4BAC-B758-B67C168B205A}.Release|x86.ActiveCfg = Release|Win32
		{0DCD307C-3193-4BAC-B758-B67C168B205A}.Release|x86.Build.0 = Release|Win32
		{32CF1E1F-A65D-4B27-B93F-A44AC9FEBECF}.Debug|Win32.ActiveCfg = Debug|Win32
		{32CF1E1F-A65D-4B27-B93F-A44AC9FEBECF}.Debug|Win32.Build.0 = Debug|Win32
		{32CF1E1F-A65D-4B27-B93F-A44AC9FEBECF}.Debug|x64.ActiveCfg = Debug|x64
		{32CF1E1F-A65D-4B27-B93F-A44AC9FEBECF}.Debug|x64.Build.0 = Debug|x64
		{32CF1E1F-A65D-4B27-B93F-A44AC9FEBECF}.Debug|x86.ActiveCfg = Debug|Win32
		{32CF1E1F-A65D-4B27-B93F-A44AC9FEBECF}.Debug|x86.Build.0 = Debug|Win32
		{32CF1E1F-A65D-4B27-B93F-A44AC9FEBECF}.Release|Win32.ActiveCfg = Release|Win32
		{32CF1E1F-A65D-4B27-B93F-A44AC9FEBECF}.Release|Win32.Build.0 = Release|Win32
		{32CF1E1F-A65D-4B27-B93F-A44AC9FEBECF}.Release|x64.ActiveCfg = Release|x64
		{32CF1E1F-A65D-4B27-B93F-A44AC9FEBECF}.Release|x64.Build.0 = Release|x64
		{32CF1E1F-A65D-4B27-B93F-A44AC9FEBECF}.Release|x86.ActiveCfg = Release|Win32
		{32CF1E1F-A65D-4B27-B93F-A44AC9FEBECF}.Release|x86.Build.0 = Release|Win32
		{A23483C9-A064-41C8-9A2E-8824BDE5728A}.Debug|Win32.ActiveCfg = Debug|Win32
		{A23483C9-A064-41C8-9A2E-8824BDE5728A}.Debug|Win32.Build.0 = Debug|Win32
		{A23483C9-A064-41C8-9A2E-8824BDE5728A}.Debug|x64.ActiveCfg = Debug|x64
		{A23483C9-A064-41C8-9A2E-8824BDE5728A}.Debug|x64.Build.0 = Debug|x64
		{A23483C9-A064-41C8-9A2E-8824BDE5728A}.Debug|x86.ActiveCfg = Debug|Win32
		{A23483C9-A064-41C8-9A2E-8824BDE5728A}.Debug|x86.Build.0 = Debug|Win32
		{A23483C9-A064-41C8-9A2E-8824BDE5728A}.Release|Win32.ActiveCfg = Release|Win32
		{A23483C9-A064-41C8-9A2E-8824BDE5728A}.Release|Win32.Build.0 = Release|Win32
		{A23483C9-A064-41C8-9A2E-8824BDE5728A}.Release|x64.ActiveCfg = Release|x64
		{A23483C9-A064-41C8-9A2E-8824BDE5728A}.Release|x64.Build.0 = Release|x64
		{A23483C9-A064-41C8-9A2E-8824BDE5728A}.Release|x86.ActiveCfg = Release|Win32
		{A23483C9-A064-41C8-9A2E-8824BDE5728A}.Release|x86.Build.0 = Release|Win32
		{D169D395-B77C-4C81-899C-C292868350FE}.Debug|Win32.ActiveCfg = Debug|Win32
		{D169D395-B77C-4C81-899C-C292868350FE}.Debug|Win32.Build.0 = Debug|Win32
		{D169D395-B77C-4C81-899C-C292868350FE}.Debug|x64.ActiveCfg = Debug|x64
		{D169D395-B77C-4C81-899C-C292868350FE}.Debug|x64.Build.0 = Debug|x64
		{D169D395-B77C-4C81-899C-C292868350FE}.Debug|x86.ActiveCfg = Debug|Win32
		{D169D395-B77C-4C81-899C-C292868350FE}.Debug|x86.Build.0 = Debug|Win32
		{D169D395-B77C-4C81-899C-C292868350FE}.Release|Win32.ActiveCfg = Release|Win32
		{D169D395-B77C-4C81-899C-C292868350FE}.Release|Win32.Build.0 = Release|Win32
		{D169D395-B77C-4C81-899C-C292868350FE}.Release|x64.ActiveCfg = Release|x64
		{D169D395-B77C-4C81-899C-C292868350FE}.Release|x64.Build.0 = Release|x64
		{D169D395-B77C-4C81-899C-C292868350FE}.Release|x86.ActiveCfg = Release|Win32
		{D169D395-B77C-4C81-899C-C292868350FE}.Release|x86.Build.0 = Release|Win32
		{536FE4A9-DD6F-44C4-AFEE-8ED764836196}.Debug|Win32.ActiveCfg = Debug|Win32
		{536FE4A9-DD6F-44C4-AFEE-8ED764836196}.Debug|Win32.Build.0 = Debug|Win32
		{536FE4A9-DD6F-44C4-AFEE-8ED764836196}.Debug|x64.ActiveCfg = Debug|x64
		{536FE4A9-DD6F-44C4-AFEE-8ED764836196}.Debug|x64.Build.0 = Debug|x64
		{536FE4A9-DD6F-44C4-AFEE-8ED764836196}.Debug|x86.ActiveCfg = Debug|Win32
		{536FE4A9-DD6F-44C4-AFEE-8ED764836196}.Debug|x86.Build.0 = Debug|Win32
		{536FE4A9-DD6F-44C4-AFEE-8ED764836196}.Release|Win32.ActiveCfg = Release|Win32
		{536FE4A9-DD6F-44C4-AFEE-8ED764836196}.Release|Win32.Build.0 = Release|Win32
		{536FE4A9-DD6F-44C4-AFEE-8ED764836196}.Release|x64.ActiveCfg = Release|x64
		{536FE4A9-DD6F-44C4-AFEE-8ED764836196}.Release|x64.Build.0 = Release|x64
		{536FE4A9-DD6F-44C4-AFEE-8ED764836196}.Release|x86.ActiveCfg = Release|Win32
		{536FE4A9-DD6F-44C4-AFEE-8ED764836196}.Release|x86.Build.0 = Release|Win32
	EndGlobalSection
	GlobalSection(SolutionProperties) = preSolution
		HideSolutionNode = FALSE
	EndGlobalSection
	GlobalSection(ExtensibilityGlobals) = postSolution
		SolutionGuid = {9ADF6B59-D8AA-4735-A3D3-07C71A71C9F5}
	EndGlobalSection
EndGlobal
